// !$*UTF8*$!
{
	archiveVersion = 1;
	classes = {
	};
	objectVersion = 56;
	objects = {

/* Begin PBXBuildFile section */
		200B99AF29D2A59300FFA365 /* LoginViewController.swift in Sources */ = {isa = PBXBuildFile; fileRef = 200B99AE29D2A59300FFA365 /* LoginViewController.swift */; };
		200B99B729D2B1D200FFA365 /* MainCoordinator.swift in Sources */ = {isa = PBXBuildFile; fileRef = 200B99B629D2B1D200FFA365 /* MainCoordinator.swift */; };
		20CF737B29D3948000A5D038 /* HomeViewController.swift in Sources */ = {isa = PBXBuildFile; fileRef = 20CF737A29D3948000A5D038 /* HomeViewController.swift */; };
		20CF738229D39C7400A5D038 /* HomeView.swift in Sources */ = {isa = PBXBuildFile; fileRef = 20CF738129D39C7400A5D038 /* HomeView.swift */; };
		20CF738429D39D3500A5D038 /* HomeViewModel.swift in Sources */ = {isa = PBXBuildFile; fileRef = 20CF738329D39D3500A5D038 /* HomeViewModel.swift */; };
		20CF738629D3A4A600A5D038 /* LoginView.swift in Sources */ = {isa = PBXBuildFile; fileRef = 20CF738529D3A4A600A5D038 /* LoginView.swift */; };
		20CF738829D3A4BC00A5D038 /* LoginViewModel.swift in Sources */ = {isa = PBXBuildFile; fileRef = 20CF738729D3A4BC00A5D038 /* LoginViewModel.swift */; };
		20CF739029DA6BE200A5D038 /* Components in Frameworks */ = {isa = PBXBuildFile; productRef = 20CF738F29DA6BE200A5D038 /* Components */; };
		20E59F7A29D1370000923797 /* AppDelegate.swift in Sources */ = {isa = PBXBuildFile; fileRef = 20E59F7929D1370000923797 /* AppDelegate.swift */; };
		20E59F7C29D1370000923797 /* SceneDelegate.swift in Sources */ = {isa = PBXBuildFile; fileRef = 20E59F7B29D1370000923797 /* SceneDelegate.swift */; };
		20E59F8329D1370200923797 /* Assets.xcassets in Resources */ = {isa = PBXBuildFile; fileRef = 20E59F8229D1370200923797 /* Assets.xcassets */; };
		20E59F8629D1370200923797 /* LaunchScreen.storyboard in Resources */ = {isa = PBXBuildFile; fileRef = 20E59F8429D1370200923797 /* LaunchScreen.storyboard */; };
		20E59F9129D1370300923797 /* SecretsTests.swift in Sources */ = {isa = PBXBuildFile; fileRef = 20E59F9029D1370300923797 /* SecretsTests.swift */; };
		20E59F9B29D1370300923797 /* SecretsUITests.swift in Sources */ = {isa = PBXBuildFile; fileRef = 20E59F9A29D1370300923797 /* SecretsUITests.swift */; };
		20E59F9D29D1370300923797 /* SecretsUITestsLaunchTests.swift in Sources */ = {isa = PBXBuildFile; fileRef = 20E59F9C29D1370300923797 /* SecretsUITestsLaunchTests.swift */; };
		20E59FAB29D137C000923797 /* Constraints in Frameworks */ = {isa = PBXBuildFile; productRef = 20E59FAA29D137C000923797 /* Constraints */; };
		20E59FB229D13A2D00923797 /* LoginCoordinator.swift in Sources */ = {isa = PBXBuildFile; fileRef = 20E59FB129D13A2D00923797 /* LoginCoordinator.swift */; };
/* End PBXBuildFile section */

/* Begin PBXContainerItemProxy section */
		20E59F8D29D1370300923797 /* PBXContainerItemProxy */ = {
			isa = PBXContainerItemProxy;
			containerPortal = 20E59F6E29D1370000923797 /* Project object */;
			proxyType = 1;
			remoteGlobalIDString = 20E59F7529D1370000923797;
			remoteInfo = Secrets;
		};
		20E59F9729D1370300923797 /* PBXContainerItemProxy */ = {
			isa = PBXContainerItemProxy;
			containerPortal = 20E59F6E29D1370000923797 /* Project object */;
			proxyType = 1;
			remoteGlobalIDString = 20E59F7529D1370000923797;
			remoteInfo = Secrets;
		};
/* End PBXContainerItemProxy section */

/* Begin PBXFileReference section */
		200B99AE29D2A59300FFA365 /* LoginViewController.swift */ = {isa = PBXFileReference; lastKnownFileType = sourcecode.swift; path = LoginViewController.swift; sourceTree = "<group>"; };
		200B99B629D2B1D200FFA365 /* MainCoordinator.swift */ = {isa = PBXFileReference; lastKnownFileType = sourcecode.swift; path = MainCoordinator.swift; sourceTree = "<group>"; };
		20CF737A29D3948000A5D038 /* HomeViewController.swift */ = {isa = PBXFileReference; lastKnownFileType = sourcecode.swift; path = HomeViewController.swift; sourceTree = "<group>"; };
		20CF738129D39C7400A5D038 /* HomeView.swift */ = {isa = PBXFileReference; lastKnownFileType = sourcecode.swift; path = HomeView.swift; sourceTree = "<group>"; };
		20CF738329D39D3500A5D038 /* HomeViewModel.swift */ = {isa = PBXFileReference; lastKnownFileType = sourcecode.swift; path = HomeViewModel.swift; sourceTree = "<group>"; };
		20CF738529D3A4A600A5D038 /* LoginView.swift */ = {isa = PBXFileReference; lastKnownFileType = sourcecode.swift; path = LoginView.swift; sourceTree = "<group>"; };
		20CF738729D3A4BC00A5D038 /* LoginViewModel.swift */ = {isa = PBXFileReference; lastKnownFileType = sourcecode.swift; path = LoginViewModel.swift; sourceTree = "<group>"; };
		20CF739329DA74F000A5D038 /* Components */ = {isa = PBXFileReference; lastKnownFileType = wrapper; name = Components; path = ../Components; sourceTree = "<group>"; };
		20E59F7629D1370000923797 /* Secrets.app */ = {isa = PBXFileReference; explicitFileType = wrapper.application; includeInIndex = 0; path = Secrets.app; sourceTree = BUILT_PRODUCTS_DIR; };
		20E59F7929D1370000923797 /* AppDelegate.swift */ = {isa = PBXFileReference; lastKnownFileType = sourcecode.swift; path = AppDelegate.swift; sourceTree = "<group>"; };
		20E59F7B29D1370000923797 /* SceneDelegate.swift */ = {isa = PBXFileReference; lastKnownFileType = sourcecode.swift; path = SceneDelegate.swift; sourceTree = "<group>"; };
		20E59F8229D1370200923797 /* Assets.xcassets */ = {isa = PBXFileReference; lastKnownFileType = folder.assetcatalog; path = Assets.xcassets; sourceTree = "<group>"; };
		20E59F8529D1370200923797 /* Base */ = {isa = PBXFileReference; lastKnownFileType = file.storyboard; name = Base; path = Base.lproj/LaunchScreen.storyboard; sourceTree = "<group>"; };
		20E59F8729D1370200923797 /* Info.plist */ = {isa = PBXFileReference; lastKnownFileType = text.plist.xml; path = Info.plist; sourceTree = "<group>"; };
		20E59F8C29D1370300923797 /* SecretsTests.xctest */ = {isa = PBXFileReference; explicitFileType = wrapper.cfbundle; includeInIndex = 0; path = SecretsTests.xctest; sourceTree = BUILT_PRODUCTS_DIR; };
		20E59F9029D1370300923797 /* SecretsTests.swift */ = {isa = PBXFileReference; lastKnownFileType = sourcecode.swift; path = SecretsTests.swift; sourceTree = "<group>"; };
		20E59F9629D1370300923797 /* SecretsUITests.xctest */ = {isa = PBXFileReference; explicitFileType = wrapper.cfbundle; includeInIndex = 0; path = SecretsUITests.xctest; sourceTree = BUILT_PRODUCTS_DIR; };
		20E59F9A29D1370300923797 /* SecretsUITests.swift */ = {isa = PBXFileReference; lastKnownFileType = sourcecode.swift; path = SecretsUITests.swift; sourceTree = "<group>"; };
		20E59F9C29D1370300923797 /* SecretsUITestsLaunchTests.swift */ = {isa = PBXFileReference; lastKnownFileType = sourcecode.swift; path = SecretsUITestsLaunchTests.swift; sourceTree = "<group>"; };
		20E59FB129D13A2D00923797 /* LoginCoordinator.swift */ = {isa = PBXFileReference; lastKnownFileType = sourcecode.swift; path = LoginCoordinator.swift; sourceTree = "<group>"; };
/* End PBXFileReference section */

/* Begin PBXFrameworksBuildPhase section */
		20E59F7329D1370000923797 /* Frameworks */ = {
			isa = PBXFrameworksBuildPhase;
			buildActionMask = 2147483647;
			files = (
				20CF739029DA6BE200A5D038 /* Components in Frameworks */,
				20E59FAB29D137C000923797 /* Constraints in Frameworks */,
			);
			runOnlyForDeploymentPostprocessing = 0;
		};
		20E59F8929D1370300923797 /* Frameworks */ = {
			isa = PBXFrameworksBuildPhase;
			buildActionMask = 2147483647;
			files = (
			);
			runOnlyForDeploymentPostprocessing = 0;
		};
		20E59F9329D1370300923797 /* Frameworks */ = {
			isa = PBXFrameworksBuildPhase;
			buildActionMask = 2147483647;
			files = (
			);
			runOnlyForDeploymentPostprocessing = 0;
		};
/* End PBXFrameworksBuildPhase section */

/* Begin PBXGroup section */
		200B99AC29D2A57F00FFA365 /* Modules */ = {
			isa = PBXGroup;
			children = (
				200B99B629D2B1D200FFA365 /* MainCoordinator.swift */,
				20CF737929D3947000A5D038 /* Home */,
				200B99AD29D2A58500FFA365 /* Login */,
			);
			path = Modules;
			sourceTree = "<group>";
		};
		200B99AD29D2A58500FFA365 /* Login */ = {
			isa = PBXGroup;
			children = (
				20E59FB129D13A2D00923797 /* LoginCoordinator.swift */,
				20CF738729D3A4BC00A5D038 /* LoginViewModel.swift */,
				20CF738529D3A4A600A5D038 /* LoginView.swift */,
				200B99AE29D2A59300FFA365 /* LoginViewController.swift */,
			);
			path = Login;
			sourceTree = "<group>";
		};
		200B99B329D2A98200FFA365 /* Base */ = {
			isa = PBXGroup;
			children = (
				20E59FAC29D1390A00923797 /* Delegate */,
			);
			path = Base;
			sourceTree = "<group>";
		};
		20CF737929D3947000A5D038 /* Home */ = {
			isa = PBXGroup;
			children = (
				20CF738329D39D3500A5D038 /* HomeViewModel.swift */,
				20CF738129D39C7400A5D038 /* HomeView.swift */,
				20CF737A29D3948000A5D038 /* HomeViewController.swift */,
			);
			path = Home;
			sourceTree = "<group>";
		};
		20E59F6D29D1370000923797 = {
			isa = PBXGroup;
			children = (
				20CF739329DA74F000A5D038 /* Components */,
				20E59F7829D1370000923797 /* Secrets */,
				20E59F8F29D1370300923797 /* SecretsTests */,
				20E59F9929D1370300923797 /* SecretsUITests */,
				20E59F7729D1370000923797 /* Products */,
			);
			sourceTree = "<group>";
		};
		20E59F7729D1370000923797 /* Products */ = {
			isa = PBXGroup;
			children = (
				20E59F7629D1370000923797 /* Secrets.app */,
				20E59F8C29D1370300923797 /* SecretsTests.xctest */,
				20E59F9629D1370300923797 /* SecretsUITests.xctest */,
			);
			name = Products;
			sourceTree = "<group>";
		};
		20E59F7829D1370000923797 /* Secrets */ = {
			isa = PBXGroup;
			children = (
				20E59F8729D1370200923797 /* Info.plist */,
				20E59F8229D1370200923797 /* Assets.xcassets */,
				20E59F8429D1370200923797 /* LaunchScreen.storyboard */,
				200B99B329D2A98200FFA365 /* Base */,
				200B99AC29D2A57F00FFA365 /* Modules */,
			);
			path = Secrets;
			sourceTree = "<group>";
		};
		20E59F8F29D1370300923797 /* SecretsTests */ = {
			isa = PBXGroup;
			children = (
				20E59F9029D1370300923797 /* SecretsTests.swift */,
			);
			path = SecretsTests;
			sourceTree = "<group>";
		};
		20E59F9929D1370300923797 /* SecretsUITests */ = {
			isa = PBXGroup;
			children = (
				20E59F9A29D1370300923797 /* SecretsUITests.swift */,
				20E59F9C29D1370300923797 /* SecretsUITestsLaunchTests.swift */,
			);
			path = SecretsUITests;
			sourceTree = "<group>";
		};
		20E59FAC29D1390A00923797 /* Delegate */ = {
			isa = PBXGroup;
			children = (
				20E59F7929D1370000923797 /* AppDelegate.swift */,
				20E59F7B29D1370000923797 /* SceneDelegate.swift */,
			);
			path = Delegate;
			sourceTree = "<group>";
		};
/* End PBXGroup section */

/* Begin PBXNativeTarget section */
		20E59F7529D1370000923797 /* Secrets */ = {
			isa = PBXNativeTarget;
			buildConfigurationList = 20E59FA029D1370300923797 /* Build configuration list for PBXNativeTarget "Secrets" */;
			buildPhases = (
				20E59F7229D1370000923797 /* Sources */,
				20E59F7329D1370000923797 /* Frameworks */,
				20E59F7429D1370000923797 /* Resources */,
			);
			buildRules = (
			);
			dependencies = (
			);
			name = Secrets;
			packageProductDependencies = (
				20E59FAA29D137C000923797 /* Constraints */,
				20CF738F29DA6BE200A5D038 /* Components */,
			);
			productName = Secrets;
			productReference = 20E59F7629D1370000923797 /* Secrets.app */;
			productType = "com.apple.product-type.application";
		};
		20E59F8B29D1370300923797 /* SecretsTests */ = {
			isa = PBXNativeTarget;
			buildConfigurationList = 20E59FA329D1370300923797 /* Build configuration list for PBXNativeTarget "SecretsTests" */;
			buildPhases = (
				20E59F8829D1370300923797 /* Sources */,
				20E59F8929D1370300923797 /* Frameworks */,
				20E59F8A29D1370300923797 /* Resources */,
			);
			buildRules = (
			);
			dependencies = (
				20E59F8E29D1370300923797 /* PBXTargetDependency */,
			);
			name = SecretsTests;
			productName = SecretsTests;
			productReference = 20E59F8C29D1370300923797 /* SecretsTests.xctest */;
			productType = "com.apple.product-type.bundle.unit-test";
		};
		20E59F9529D1370300923797 /* SecretsUITests */ = {
			isa = PBXNativeTarget;
			buildConfigurationList = 20E59FA629D1370300923797 /* Build configuration list for PBXNativeTarget "SecretsUITests" */;
			buildPhases = (
				20E59F9229D1370300923797 /* Sources */,
				20E59F9329D1370300923797 /* Frameworks */,
				20E59F9429D1370300923797 /* Resources */,
			);
			buildRules = (
			);
			dependencies = (
				20E59F9829D1370300923797 /* PBXTargetDependency */,
			);
			name = SecretsUITests;
			productName = SecretsUITests;
			productReference = 20E59F9629D1370300923797 /* SecretsUITests.xctest */;
			productType = "com.apple.product-type.bundle.ui-testing";
		};
/* End PBXNativeTarget section */

/* Begin PBXProject section */
		20E59F6E29D1370000923797 /* Project object */ = {
			isa = PBXProject;
			attributes = {
				BuildIndependentTargetsInParallel = 1;
				LastSwiftUpdateCheck = 1410;
				LastUpgradeCheck = 1410;
				TargetAttributes = {
					20E59F7529D1370000923797 = {
						CreatedOnToolsVersion = 14.1;
					};
					20E59F8B29D1370300923797 = {
						CreatedOnToolsVersion = 14.1;
						TestTargetID = 20E59F7529D1370000923797;
					};
					20E59F9529D1370300923797 = {
						CreatedOnToolsVersion = 14.1;
						TestTargetID = 20E59F7529D1370000923797;
					};
				};
			};
			buildConfigurationList = 20E59F7129D1370000923797 /* Build configuration list for PBXProject "Secrets" */;
			compatibilityVersion = "Xcode 14.0";
			developmentRegion = en;
			hasScannedForEncodings = 0;
			knownRegions = (
				en,
				Base,
			);
			mainGroup = 20E59F6D29D1370000923797;
			packageReferences = (
				20E59FA929D137C000923797 /* XCRemoteSwiftPackageReference "Constraints" */,
				20CF738E29DA6BE200A5D038 /* XCRemoteSwiftPackageReference "Components" */,
			);
			productRefGroup = 20E59F7729D1370000923797 /* Products */;
			projectDirPath = "";
			projectRoot = "";
			targets = (
				20E59F7529D1370000923797 /* Secrets */,
				20E59F8B29D1370300923797 /* SecretsTests */,
				20E59F9529D1370300923797 /* SecretsUITests */,
			);
		};
/* End PBXProject section */

/* Begin PBXResourcesBuildPhase section */
		20E59F7429D1370000923797 /* Resources */ = {
			isa = PBXResourcesBuildPhase;
			buildActionMask = 2147483647;
			files = (
				20E59F8629D1370200923797 /* LaunchScreen.storyboard in Resources */,
				20E59F8329D1370200923797 /* Assets.xcassets in Resources */,
			);
			runOnlyForDeploymentPostprocessing = 0;
		};
		20E59F8A29D1370300923797 /* Resources */ = {
			isa = PBXResourcesBuildPhase;
			buildActionMask = 2147483647;
			files = (
			);
			runOnlyForDeploymentPostprocessing = 0;
		};
		20E59F9429D1370300923797 /* Resources */ = {
			isa = PBXResourcesBuildPhase;
			buildActionMask = 2147483647;
			files = (
			);
			runOnlyForDeploymentPostprocessing = 0;
		};
/* End PBXResourcesBuildPhase section */

/* Begin PBXSourcesBuildPhase section */
		20E59F7229D1370000923797 /* Sources */ = {
			isa = PBXSourcesBuildPhase;
			buildActionMask = 2147483647;
			files = (
				200B99AF29D2A59300FFA365 /* LoginViewController.swift in Sources */,
				20CF738229D39C7400A5D038 /* HomeView.swift in Sources */,
				20CF738629D3A4A600A5D038 /* LoginView.swift in Sources */,
				20CF738829D3A4BC00A5D038 /* LoginViewModel.swift in Sources */,
				20E59FB229D13A2D00923797 /* LoginCoordinator.swift in Sources */,
				20CF737B29D3948000A5D038 /* HomeViewController.swift in Sources */,
				20E59F7A29D1370000923797 /* AppDelegate.swift in Sources */,
				20CF738429D39D3500A5D038 /* HomeViewModel.swift in Sources */,
				200B99B729D2B1D200FFA365 /* MainCoordinator.swift in Sources */,
				20E59F7C29D1370000923797 /* SceneDelegate.swift in Sources */,
			);
			runOnlyForDeploymentPostprocessing = 0;
		};
		20E59F8829D1370300923797 /* Sources */ = {
			isa = PBXSourcesBuildPhase;
			buildActionMask = 2147483647;
			files = (
				20E59F9129D1370300923797 /* SecretsTests.swift in Sources */,
			);
			runOnlyForDeploymentPostprocessing = 0;
		};
		20E59F9229D1370300923797 /* Sources */ = {
			isa = PBXSourcesBuildPhase;
			buildActionMask = 2147483647;
			files = (
				20E59F9D29D1370300923797 /* SecretsUITestsLaunchTests.swift in Sources */,
				20E59F9B29D1370300923797 /* SecretsUITests.swift in Sources */,
			);
			runOnlyForDeploymentPostprocessing = 0;
		};
/* End PBXSourcesBuildPhase section */

/* Begin PBXTargetDependency section */
		20E59F8E29D1370300923797 /* PBXTargetDependency */ = {
			isa = PBXTargetDependency;
			target = 20E59F7529D1370000923797 /* Secrets */;
			targetProxy = 20E59F8D29D1370300923797 /* PBXContainerItemProxy */;
		};
		20E59F9829D1370300923797 /* PBXTargetDependency */ = {
			isa = PBXTargetDependency;
			target = 20E59F7529D1370000923797 /* Secrets */;
			targetProxy = 20E59F9729D1370300923797 /* PBXContainerItemProxy */;
		};
/* End PBXTargetDependency section */

/* Begin PBXVariantGroup section */
		20E59F8429D1370200923797 /* LaunchScreen.storyboard */ = {
			isa = PBXVariantGroup;
			children = (
				20E59F8529D1370200923797 /* Base */,
			);
			name = LaunchScreen.storyboard;
			sourceTree = "<group>";
		};
/* End PBXVariantGroup section */

/* Begin XCBuildConfiguration section */
		20E59F9E29D1370300923797 /* Debug */ = {
			isa = XCBuildConfiguration;
			buildSettings = {
				ALWAYS_SEARCH_USER_PATHS = NO;
				CLANG_ANALYZER_NONNULL = YES;
				CLANG_ANALYZER_NUMBER_OBJECT_CONVERSION = YES_AGGRESSIVE;
				CLANG_CXX_LANGUAGE_STANDARD = "gnu++20";
				CLANG_ENABLE_MODULES = YES;
				CLANG_ENABLE_OBJC_ARC = YES;
				CLANG_ENABLE_OBJC_WEAK = YES;
				CLANG_WARN_BLOCK_CAPTURE_AUTORELEASING = YES;
				CLANG_WARN_BOOL_CONVERSION = YES;
				CLANG_WARN_COMMA = YES;
				CLANG_WARN_CONSTANT_CONVERSION = YES;
				CLANG_WARN_DEPRECATED_OBJC_IMPLEMENTATIONS = YES;
				CLANG_WARN_DIRECT_OBJC_ISA_USAGE = YES_ERROR;
				CLANG_WARN_DOCUMENTATION_COMMENTS = YES;
				CLANG_WARN_EMPTY_BODY = YES;
				CLANG_WARN_ENUM_CONVERSION = YES;
				CLANG_WARN_INFINITE_RECURSION = YES;
				CLANG_WARN_INT_CONVERSION = YES;
				CLANG_WARN_NON_LITERAL_NULL_CONVERSION = YES;
				CLANG_WARN_OBJC_IMPLICIT_RETAIN_SELF = YES;
				CLANG_WARN_OBJC_LITERAL_CONVERSION = YES;
				CLANG_WARN_OBJC_ROOT_CLASS = YES_ERROR;
				CLANG_WARN_QUOTED_INCLUDE_IN_FRAMEWORK_HEADER = YES;
				CLANG_WARN_RANGE_LOOP_ANALYSIS = YES;
				CLANG_WARN_STRICT_PROTOTYPES = YES;
				CLANG_WARN_SUSPICIOUS_MOVE = YES;
				CLANG_WARN_UNGUARDED_AVAILABILITY = YES_AGGRESSIVE;
				CLANG_WARN_UNREACHABLE_CODE = YES;
				CLANG_WARN__DUPLICATE_METHOD_MATCH = YES;
				COPY_PHASE_STRIP = NO;
				DEBUG_INFORMATION_FORMAT = dwarf;
				ENABLE_STRICT_OBJC_MSGSEND = YES;
				ENABLE_TESTABILITY = YES;
				GCC_C_LANGUAGE_STANDARD = gnu11;
				GCC_DYNAMIC_NO_PIC = NO;
				GCC_NO_COMMON_BLOCKS = YES;
				GCC_OPTIMIZATION_LEVEL = 0;
				GCC_PREPROCESSOR_DEFINITIONS = (
					"DEBUG=1",
					"$(inherited)",
				);
				GCC_WARN_64_TO_32_BIT_CONVERSION = YES;
				GCC_WARN_ABOUT_RETURN_TYPE = YES_ERROR;
				GCC_WARN_UNDECLARED_SELECTOR = YES;
				GCC_WARN_UNINITIALIZED_AUTOS = YES_AGGRESSIVE;
				GCC_WARN_UNUSED_FUNCTION = YES;
				GCC_WARN_UNUSED_VARIABLE = YES;
				IPHONEOS_DEPLOYMENT_TARGET = 16.1;
				MTL_ENABLE_DEBUG_INFO = INCLUDE_SOURCE;
				MTL_FAST_MATH = YES;
				ONLY_ACTIVE_ARCH = YES;
				SDKROOT = iphoneos;
				SWIFT_ACTIVE_COMPILATION_CONDITIONS = DEBUG;
				SWIFT_OPTIMIZATION_LEVEL = "-Onone";
			};
			name = Debug;
		};
		20E59F9F29D1370300923797 /* Release */ = {
			isa = XCBuildConfiguration;
			buildSettings = {
				ALWAYS_SEARCH_USER_PATHS = NO;
				CLANG_ANALYZER_NONNULL = YES;
				CLANG_ANALYZER_NUMBER_OBJECT_CONVERSION = YES_AGGRESSIVE;
				CLANG_CXX_LANGUAGE_STANDARD = "gnu++20";
				CLANG_ENABLE_MODULES = YES;
				CLANG_ENABLE_OBJC_ARC = YES;
				CLANG_ENABLE_OBJC_WEAK = YES;
				CLANG_WARN_BLOCK_CAPTURE_AUTORELEASING = YES;
				CLANG_WARN_BOOL_CONVERSION = YES;
				CLANG_WARN_COMMA = YES;
				CLANG_WARN_CONSTANT_CONVERSION = YES;
				CLANG_WARN_DEPRECATED_OBJC_IMPLEMENTATIONS = YES;
				CLANG_WARN_DIRECT_OBJC_ISA_USAGE = YES_ERROR;
				CLANG_WARN_DOCUMENTATION_COMMENTS = YES;
				CLANG_WARN_EMPTY_BODY = YES;
				CLANG_WARN_ENUM_CONVERSION = YES;
				CLANG_WARN_INFINITE_RECURSION = YES;
				CLANG_WARN_INT_CONVERSION = YES;
				CLANG_WARN_NON_LITERAL_NULL_CONVERSION = YES;
				CLANG_WARN_OBJC_IMPLICIT_RETAIN_SELF = YES;
				CLANG_WARN_OBJC_LITERAL_CONVERSION = YES;
				CLANG_WARN_OBJC_ROOT_CLASS = YES_ERROR;
				CLANG_WARN_QUOTED_INCLUDE_IN_FRAMEWORK_HEADER = YES;
				CLANG_WARN_RANGE_LOOP_ANALYSIS = YES;
				CLANG_WARN_STRICT_PROTOTYPES = YES;
				CLANG_WARN_SUSPICIOUS_MOVE = YES;
				CLANG_WARN_UNGUARDED_AVAILABILITY = YES_AGGRESSIVE;
				CLANG_WARN_UNREACHABLE_CODE = YES;
				CLANG_WARN__DUPLICATE_METHOD_MATCH = YES;
				COPY_PHASE_STRIP = NO;
				DEBUG_INFORMATION_FORMAT = "dwarf-with-dsym";
				ENABLE_NS_ASSERTIONS = NO;
				ENABLE_STRICT_OBJC_MSGSEND = YES;
				GCC_C_LANGUAGE_STANDARD = gnu11;
				GCC_NO_COMMON_BLOCKS = YES;
				GCC_WARN_64_TO_32_BIT_CONVERSION = YES;
				GCC_WARN_ABOUT_RETURN_TYPE = YES_ERROR;
				GCC_WARN_UNDECLARED_SELECTOR = YES;
				GCC_WARN_UNINITIALIZED_AUTOS = YES_AGGRESSIVE;
				GCC_WARN_UNUSED_FUNCTION = YES;
				GCC_WARN_UNUSED_VARIABLE = YES;
				IPHONEOS_DEPLOYMENT_TARGET = 16.1;
				MTL_ENABLE_DEBUG_INFO = NO;
				MTL_FAST_MATH = YES;
				SDKROOT = iphoneos;
				SWIFT_COMPILATION_MODE = wholemodule;
				SWIFT_OPTIMIZATION_LEVEL = "-O";
				VALIDATE_PRODUCT = YES;
			};
			name = Release;
		};
		20E59FA129D1370300923797 /* Debug */ = {
			isa = XCBuildConfiguration;
			buildSettings = {
				ASSETCATALOG_COMPILER_APPICON_NAME = AppIcon;
				ASSETCATALOG_COMPILER_GLOBAL_ACCENT_COLOR_NAME = AccentColor;
				CODE_SIGN_STYLE = Automatic;
				CURRENT_PROJECT_VERSION = 1;
				DEVELOPMENT_TEAM = 8ZNWT8X664;
				GENERATE_INFOPLIST_FILE = YES;
				INFOPLIST_FILE = Secrets/Info.plist;
				INFOPLIST_KEY_UIApplicationSupportsIndirectInputEvents = YES;
				INFOPLIST_KEY_UILaunchStoryboardName = LaunchScreen;
				INFOPLIST_KEY_UISupportedInterfaceOrientations_iPad = "UIInterfaceOrientationPortrait UIInterfaceOrientationPortraitUpsideDown UIInterfaceOrientationLandscapeLeft UIInterfaceOrientationLandscapeRight";
				INFOPLIST_KEY_UISupportedInterfaceOrientations_iPhone = "UIInterfaceOrientationPortrait UIInterfaceOrientationLandscapeLeft UIInterfaceOrientationLandscapeRight";
				LD_RUNPATH_SEARCH_PATHS = (
					"$(inherited)",
					"@executable_path/Frameworks",
				);
				MARKETING_VERSION = 1.0;
				PRODUCT_BUNDLE_IDENTIFIER = net.febasi.Secrets;
				PRODUCT_NAME = "$(TARGET_NAME)";
				SWIFT_EMIT_LOC_STRINGS = YES;
				SWIFT_VERSION = 5.0;
				TARGETED_DEVICE_FAMILY = "1,2";
			};
			name = Debug;
		};
		20E59FA229D1370300923797 /* Release */ = {
			isa = XCBuildConfiguration;
			buildSettings = {
				ASSETCATALOG_COMPILER_APPICON_NAME = AppIcon;
				ASSETCATALOG_COMPILER_GLOBAL_ACCENT_COLOR_NAME = AccentColor;
				CODE_SIGN_STYLE = Automatic;
				CURRENT_PROJECT_VERSION = 1;
				DEVELOPMENT_TEAM = 8ZNWT8X664;
				GENERATE_INFOPLIST_FILE = YES;
				INFOPLIST_FILE = Secrets/Info.plist;
				INFOPLIST_KEY_UIApplicationSupportsIndirectInputEvents = YES;
				INFOPLIST_KEY_UILaunchStoryboardName = LaunchScreen;
				INFOPLIST_KEY_UISupportedInterfaceOrientations_iPad = "UIInterfaceOrientationPortrait UIInterfaceOrientationPortraitUpsideDown UIInterfaceOrientationLandscapeLeft UIInterfaceOrientationLandscapeRight";
				INFOPLIST_KEY_UISupportedInterfaceOrientations_iPhone = "UIInterfaceOrientationPortrait UIInterfaceOrientationLandscapeLeft UIInterfaceOrientationLandscapeRight";
				LD_RUNPATH_SEARCH_PATHS = (
					"$(inherited)",
					"@executable_path/Frameworks",
				);
				MARKETING_VERSION = 1.0;
				PRODUCT_BUNDLE_IDENTIFIER = net.febasi.Secrets;
				PRODUCT_NAME = "$(TARGET_NAME)";
				SWIFT_EMIT_LOC_STRINGS = YES;
				SWIFT_VERSION = 5.0;
				TARGETED_DEVICE_FAMILY = "1,2";
			};
			name = Release;
		};
		20E59FA429D1370300923797 /* Debug */ = {
			isa = XCBuildConfiguration;
			buildSettings = {
				ALWAYS_EMBED_SWIFT_STANDARD_LIBRARIES = YES;
				BUNDLE_LOADER = "$(TEST_HOST)";
				CODE_SIGN_STYLE = Automatic;
				CURRENT_PROJECT_VERSION = 1;
				DEVELOPMENT_TEAM = 8ZNWT8X664;
				GENERATE_INFOPLIST_FILE = YES;
				IPHONEOS_DEPLOYMENT_TARGET = 16.1;
				MARKETING_VERSION = 1.0;
				PRODUCT_BUNDLE_IDENTIFIER = net.febasi.SecretsTests;
				PRODUCT_NAME = "$(TARGET_NAME)";
				SWIFT_EMIT_LOC_STRINGS = NO;
				SWIFT_VERSION = 5.0;
				TARGETED_DEVICE_FAMILY = "1,2";
				TEST_HOST = "$(BUILT_PRODUCTS_DIR)/Secrets.app/$(BUNDLE_EXECUTABLE_FOLDER_PATH)/Secrets";
			};
			name = Debug;
		};
		20E59FA529D1370300923797 /* Release */ = {
			isa = XCBuildConfiguration;
			buildSettings = {
				ALWAYS_EMBED_SWIFT_STANDARD_LIBRARIES = YES;
				BUNDLE_LOADER = "$(TEST_HOST)";
				CODE_SIGN_STYLE = Automatic;
				CURRENT_PROJECT_VERSION = 1;
				DEVELOPMENT_TEAM = 8ZNWT8X664;
				GENERATE_INFOPLIST_FILE = YES;
				IPHONEOS_DEPLOYMENT_TARGET = 16.1;
				MARKETING_VERSION = 1.0;
				PRODUCT_BUNDLE_IDENTIFIER = net.febasi.SecretsTests;
				PRODUCT_NAME = "$(TARGET_NAME)";
				SWIFT_EMIT_LOC_STRINGS = NO;
				SWIFT_VERSION = 5.0;
				TARGETED_DEVICE_FAMILY = "1,2";
				TEST_HOST = "$(BUILT_PRODUCTS_DIR)/Secrets.app/$(BUNDLE_EXECUTABLE_FOLDER_PATH)/Secrets";
			};
			name = Release;
		};
		20E59FA729D1370300923797 /* Debug */ = {
			isa = XCBuildConfiguration;
			buildSettings = {
				ALWAYS_EMBED_SWIFT_STANDARD_LIBRARIES = YES;
				CODE_SIGN_STYLE = Automatic;
				CURRENT_PROJECT_VERSION = 1;
				DEVELOPMENT_TEAM = 8ZNWT8X664;
				GENERATE_INFOPLIST_FILE = YES;
				MARKETING_VERSION = 1.0;
				PRODUCT_BUNDLE_IDENTIFIER = net.febasi.SecretsUITests;
				PRODUCT_NAME = "$(TARGET_NAME)";
				SWIFT_EMIT_LOC_STRINGS = NO;
				SWIFT_VERSION = 5.0;
				TARGETED_DEVICE_FAMILY = "1,2";
				TEST_TARGET_NAME = Secrets;
			};
			name = Debug;
		};
		20E59FA829D1370300923797 /* Release */ = {
			isa = XCBuildConfiguration;
			buildSettings = {
				ALWAYS_EMBED_SWIFT_STANDARD_LIBRARIES = YES;
				CODE_SIGN_STYLE = Automatic;
				CURRENT_PROJECT_VERSION = 1;
				DEVELOPMENT_TEAM = 8ZNWT8X664;
				GENERATE_INFOPLIST_FILE = YES;
				MARKETING_VERSION = 1.0;
				PRODUCT_BUNDLE_IDENTIFIER = net.febasi.SecretsUITests;
				PRODUCT_NAME = "$(TARGET_NAME)";
				SWIFT_EMIT_LOC_STRINGS = NO;
				SWIFT_VERSION = 5.0;
				TARGETED_DEVICE_FAMILY = "1,2";
				TEST_TARGET_NAME = Secrets;
			};
			name = Release;
		};
/* End XCBuildConfiguration section */

/* Begin XCConfigurationList section */
		20E59F7129D1370000923797 /* Build configuration list for PBXProject "Secrets" */ = {
			isa = XCConfigurationList;
			buildConfigurations = (
				20E59F9E29D1370300923797 /* Debug */,
				20E59F9F29D1370300923797 /* Release */,
			);
			defaultConfigurationIsVisible = 0;
			defaultConfigurationName = Release;
		};
		20E59FA029D1370300923797 /* Build configuration list for PBXNativeTarget "Secrets" */ = {
			isa = XCConfigurationList;
			buildConfigurations = (
				20E59FA129D1370300923797 /* Debug */,
				20E59FA229D1370300923797 /* Release */,
			);
			defaultConfigurationIsVisible = 0;
			defaultConfigurationName = Release;
		};
		20E59FA329D1370300923797 /* Build configuration list for PBXNativeTarget "SecretsTests" */ = {
			isa = XCConfigurationList;
			buildConfigurations = (
				20E59FA429D1370300923797 /* Debug */,
				20E59FA529D1370300923797 /* Release */,
			);
			defaultConfigurationIsVisible = 0;
			defaultConfigurationName = Release;
		};
		20E59FA629D1370300923797 /* Build configuration list for PBXNativeTarget "SecretsUITests" */ = {
			isa = XCConfigurationList;
			buildConfigurations = (
				20E59FA729D1370300923797 /* Debug */,
				20E59FA829D1370300923797 /* Release */,
			);
			defaultConfigurationIsVisible = 0;
			defaultConfigurationName = Release;
		};
/* End XCConfigurationList section */

/* Begin XCRemoteSwiftPackageReference section */
		20CF738E29DA6BE200A5D038 /* XCRemoteSwiftPackageReference "Components" */ = {
			isa = XCRemoteSwiftPackageReference;
			repositoryURL = "https://github.com/romulofebasi/Components";
			requirement = {
				branch = main;
				kind = branch;
			};
		};
		20E59FA929D137C000923797 /* XCRemoteSwiftPackageReference "Constraints" */ = {
			isa = XCRemoteSwiftPackageReference;
			repositoryURL = "https://github.com/romulofebasi/Constraints";
			requirement = {
				branch = main;
				kind = branch;
			};
		};
/* End XCRemoteSwiftPackageReference section */

/* Begin XCSwiftPackageProductDependency section */
		20CF738F29DA6BE200A5D038 /* Components */ = {
			isa = XCSwiftPackageProductDependency;
			package = 20CF738E29DA6BE200A5D038 /* XCRemoteSwiftPackageReference "Components" */;
			productName = Components;
		};
		20E59FAA29D137C000923797 /* Constraints */ = {
			isa = XCSwiftPackageProductDependency;
			package = 20E59FA929D137C000923797 /* XCRemoteSwiftPackageReference "Constraints" */;
			productName = Constraints;
		};
/* End XCSwiftPackageProductDependency section */
	};
	rootObject = 20E59F6E29D1370000923797 /* Project object */;
}
